
Microsoft Visual Studio Solution File, Format Version 12.00
# Visual Studio Version 17
VisualStudioVersion = 17.8.34330.188
MinimumVisualStudioVersion = 10.0.40219.1
Project("{FAE04EC0-301F-11D3-BF4B-00C04F79EFBC}") = "Practice of mvc", "Practice of mvc\Practice of mvc.csproj", "{42670BDE-93D8-4A78-98F0-67663D6CFFBA}"
EndProject
Global
	GlobalSection(SolutionConfigurationPlatforms) = preSolution
		Debug|Any CPU = Debug|Any CPU
		Release|Any CPU = Release|Any CPU
	EndGlobalSection
	GlobalSection(ProjectConfigurationPlatforms) = postSolution
		{42670BDE-93D8-4A78-98F0-67663D6CFFBA}.Debug|Any CPU.ActiveCfg = Debug|Any CPU
		{42670BDE-93D8-4A78-98F0-67663D6CFFBA}.Debug|Any CPU.Build.0 = Debug|Any CPU
		{42670BDE-93D8-4A78-98F0-67663D6CFFBA}.Release|Any CPU.ActiveCfg = Release|Any CPU
		{42670BDE-93D8-4A78-98F0-67663D6CFFBA}.Release|Any CPU.Build.0 = Release|Any CPU
	EndGlobalSection
	GlobalSection(SolutionProperties) = preSolution
		HideSolutionNode = FALSE
	EndGlobalSection
	GlobalSection(ExtensibilityGlobals) = postSolution
		SolutionGuid = {0E636F99-4559-4733-86D7-F2859CAF9CD3}
	EndGlobalSection
EndGlobal
